{
  "name": "VidyanoWeb3",
  "lockfileVersion": 2,
  "requires": true,
  "packages": {
    "": {
      "dependencies": {
        "@polymer/iron-a11y-keys": "^3.0.1",
        "@polymer/iron-collapse": "^3.0.1",
        "@polymer/iron-list": "^3.1.0",
        "@polymer/iron-media-query": "^3.0.1",
        "@polymer/iron-overlay-behavior": "^3.0.3",
        "@polymer/marked-element": "^3.0.1",
        "@polymer/paper-ripple": "^3.0.2",
        "@polymer/polymer": "^3.4.1",
        "bignumber.js": "^9.0.1",
        "codemirror": "^5.63.3",
        "moment": "^2.29.1",
        "tslib": "^2.3.1"
      }
    },
    "node_modules/@polymer/iron-a11y-keys": {
      "version": "3.0.1",
      "resolved": "https://registry.npmjs.org/@polymer/iron-a11y-keys/-/iron-a11y-keys-3.0.1.tgz",
      "integrity": "sha512-zmTi8xHeY4ZMJLAitW2hAmW5zXZ35hVy/eHQUFadAlOccuBK3oRRmoPRQRaZgpyJrCVFDAQRXXzzJtUDil/0CA==",
      "dependencies": {
        "@polymer/iron-a11y-keys-behavior": "^3.0.0-pre.26",
        "@polymer/polymer": "^3.0.0"
      }
    },
    "node_modules/@polymer/iron-a11y-keys-behavior": {
      "version": "3.0.1",
      "resolved": "https://registry.npmjs.org/@polymer/iron-a11y-keys-behavior/-/iron-a11y-keys-behavior-3.0.1.tgz",
      "integrity": "sha512-lnrjKq3ysbBPT/74l0Fj0U9H9C35Tpw2C/tpJ8a+5g8Y3YJs1WSZYnEl1yOkw6sEyaxOq/1DkzH0+60gGu5/PQ==",
      "dependencies": {
        "@polymer/polymer": "^3.0.0"
      }
    },
    "node_modules/@polymer/iron-collapse": {
      "version": "3.0.1",
      "resolved": "https://registry.npmjs.org/@polymer/iron-collapse/-/iron-collapse-3.0.1.tgz",
      "integrity": "sha512-yg6q5ZyckQR9VL9VmLrSTkSFXWy9AcJC8KtnD5cg0EHRPbakE8I9S/gVAgeP4nMWV2a/BjLLC4IBygcCMDhAGw==",
      "dependencies": {
        "@polymer/iron-resizable-behavior": "^3.0.0-pre.26",
        "@polymer/polymer": "^3.0.0"
      }
    },
    "node_modules/@polymer/iron-fit-behavior": {
      "version": "3.1.0",
      "resolved": "https://registry.npmjs.org/@polymer/iron-fit-behavior/-/iron-fit-behavior-3.1.0.tgz",
      "integrity": "sha512-ABcgIYqrjhmUT8tiuolqeGttF/8pd3sEymUDrO1vXbZu4FWIvoLNndrMDFvs++AGd12Mjf5pYy84NJc6dB8Vig==",
      "dependencies": {
        "@polymer/polymer": "^3.0.0"
      }
    },
    "node_modules/@polymer/iron-list": {
      "version": "3.1.0",
      "resolved": "https://registry.npmjs.org/@polymer/iron-list/-/iron-list-3.1.0.tgz",
      "integrity": "sha512-Eiv6xd3h3oPmn8SXFntXVfC3ZnegH+KHAxiKLKcOASFSRY3mHnr2AdcnExUJ9ItoCMA5UzKaM/0U22eWzGERtA==",
      "dependencies": {
        "@polymer/iron-a11y-keys-behavior": "^3.0.0-pre.26",
        "@polymer/iron-resizable-behavior": "^3.0.0-pre.26",
        "@polymer/iron-scroll-target-behavior": "^3.0.0-pre.26",
        "@polymer/polymer": "^3.0.0"
      }
    },
    "node_modules/@polymer/iron-media-query": {
      "version": "3.0.1",
      "resolved": "https://registry.npmjs.org/@polymer/iron-media-query/-/iron-media-query-3.0.1.tgz",
      "integrity": "sha512-czUX1pm1zfmfcZtq5J57XFkcobBv08Y50exp0/3v8Bos5VL/jv2tU0RwiTfDBxUMhjicGbgwEBFQPY2V5DMzyw==",
      "dependencies": {
        "@polymer/polymer": "^3.0.0"
      }
    },
    "node_modules/@polymer/iron-overlay-behavior": {
      "version": "3.0.3",
      "resolved": "https://registry.npmjs.org/@polymer/iron-overlay-behavior/-/iron-overlay-behavior-3.0.3.tgz",
      "integrity": "sha512-Q/Fp0+uOQQ145ebZ7T8Cxl4m1tUKYjyymkjcL2rXUm+aDQGb1wA1M1LYxUF5YBqd+9lipE0PTIiYwA2ZL/sznA==",
      "dependencies": {
        "@polymer/iron-a11y-keys-behavior": "^3.0.0-pre.26",
        "@polymer/iron-fit-behavior": "^3.0.0-pre.26",
        "@polymer/iron-resizable-behavior": "^3.0.0-pre.26",
        "@polymer/polymer": "^3.0.0"
      }
    },
    "node_modules/@polymer/iron-resizable-behavior": {
      "version": "3.0.1",
      "resolved": "https://registry.npmjs.org/@polymer/iron-resizable-behavior/-/iron-resizable-behavior-3.0.1.tgz",
      "integrity": "sha512-FyHxRxFspVoRaeZSWpT3y0C9awomb4tXXolIJcZ7RvXhMP632V5lez+ch5G5SwK0LpnAPkg35eB0LPMFv+YMMQ==",
      "dependencies": {
        "@polymer/polymer": "^3.0.0"
      }
    },
    "node_modules/@polymer/iron-scroll-target-behavior": {
      "version": "3.0.1",
      "resolved": "https://registry.npmjs.org/@polymer/iron-scroll-target-behavior/-/iron-scroll-target-behavior-3.0.1.tgz",
      "integrity": "sha512-xg1WanG25BIkQE8rhuReqY9zx1K5M7F+YAIYpswEp5eyDIaZ1Y3vUmVeQ3KG+hiSugzI1M752azXN7kvyhOBcQ==",
      "dependencies": {
        "@polymer/polymer": "^3.0.0"
      }
    },
    "node_modules/@polymer/marked-element": {
      "version": "3.0.1",
      "resolved": "https://registry.npmjs.org/@polymer/marked-element/-/marked-element-3.0.1.tgz",
      "integrity": "sha512-WJQzQetxdStVGQbyTBUBgd+hSI0Rl39uJg7b2zL3r6EfMnibzmA/YNT06M8jVZdxPF+B4SumrFWRtasVtGQRUQ==",
      "dependencies": {
        "@polymer/polymer": "^3.0.0",
        "marked": "~0.3.9"
      }
    },
    "node_modules/@polymer/paper-ripple": {
      "version": "3.0.2",
      "resolved": "https://registry.npmjs.org/@polymer/paper-ripple/-/paper-ripple-3.0.2.tgz",
      "integrity": "sha512-DnLNvYIMsiayeICroYxx6Q6Hg1cUU8HN2sbutXazlemAlGqdq80qz3TIaVdbpbt/pvjcFGX2HtntMlPstCge8Q==",
      "dependencies": {
        "@polymer/iron-a11y-keys-behavior": "^3.0.0-pre.26",
        "@polymer/polymer": "^3.0.0"
      }
    },
    "node_modules/@polymer/polymer": {
      "version": "3.4.1",
      "resolved": "https://registry.npmjs.org/@polymer/polymer/-/polymer-3.4.1.tgz",
      "integrity": "sha512-KPWnhDZibtqKrUz7enIPOiO4ZQoJNOuLwqrhV2MXzIt3VVnUVJVG5ORz4Z2sgO+UZ+/UZnPD0jqY+jmw/+a9mQ==",
      "dependencies": {
        "@webcomponents/shadycss": "^1.9.1"
      }
    },
    "node_modules/@webcomponents/shadycss": {
      "version": "1.11.0",
      "resolved": "https://registry.npmjs.org/@webcomponents/shadycss/-/shadycss-1.11.0.tgz",
      "integrity": "sha512-L5O/+UPum8erOleNjKq6k58GVl3fNsEQdSOyh0EUhNmi7tHUyRuCJy1uqJiWydWcLARE5IPsMoPYMZmUGrz1JA=="
    },
    "node_modules/bignumber.js": {
      "version": "9.0.1",
      "resolved": "https://registry.npmjs.org/bignumber.js/-/bignumber.js-9.0.1.tgz",
      "integrity": "sha512-IdZR9mh6ahOBv/hYGiXyVuyCetmGJhtYkqLBpTStdhEGjegpPlUawydyaF3pbIOFynJTpllEs+NP+CS9jKFLjA==",
      "engines": {
        "node": "*"
      }
    },
    "node_modules/codemirror": {
      "version": "5.63.3",
      "resolved": "https://registry.npmjs.org/codemirror/-/codemirror-5.63.3.tgz",
      "integrity": "sha512-1C+LELr+5grgJYqwZKqxrcbPsHFHapVaVAloBsFBASbpLnQqLw1U8yXJ3gT5D+rhxIiSpo+kTqN+hQ+9ialIXw=="
    },
    "node_modules/marked": {
      "version": "0.3.19",
      "resolved": "https://registry.npmjs.org/marked/-/marked-0.3.19.tgz",
      "integrity": "sha512-ea2eGWOqNxPcXv8dyERdSr/6FmzvWwzjMxpfGB/sbMccXoct+xY+YukPD+QTUZwyvK7BZwcr4m21WBOW41pAkg==",
      "bin": {
        "marked": "bin/marked"
      },
      "engines": {
        "node": ">=0.10.0"
      }
    },
    "node_modules/moment": {
      "version": "2.29.1",
      "resolved": "https://registry.npmjs.org/moment/-/moment-2.29.1.tgz",
      "integrity": "sha512-kHmoybcPV8Sqy59DwNDY3Jefr64lK/by/da0ViFcuA4DH0vQg5Q6Ze5VimxkfQNSC+Mls/Kx53s7TjP1RhFEDQ==",
      "engines": {
        "node": "*"
      }
    },
    "node_modules/tslib": {
      "version": "2.3.1",
      "resolved": "https://registry.npmjs.org/tslib/-/tslib-2.3.1.tgz",
      "integrity": "sha512-77EbyPPpMz+FRFRuAFlWMtmgUWGe9UOG2Z25NqCwiIjRhOf5iKGuzSe5P2w1laq+FkRy4p+PCuVkJSGkzTEKVw=="
    }
  },
  "dependencies": {
    "@polymer/iron-a11y-keys": {
      "version": "3.0.1",
      "resolved": "https://registry.npmjs.org/@polymer/iron-a11y-keys/-/iron-a11y-keys-3.0.1.tgz",
      "integrity": "sha512-zmTi8xHeY4ZMJLAitW2hAmW5zXZ35hVy/eHQUFadAlOccuBK3oRRmoPRQRaZgpyJrCVFDAQRXXzzJtUDil/0CA==",
      "requires": {
        "@polymer/iron-a11y-keys-behavior": "^3.0.0-pre.26",
        "@polymer/polymer": "^3.0.0"
      }
    },
    "@polymer/iron-a11y-keys-behavior": {
      "version": "3.0.1",
      "resolved": "https://registry.npmjs.org/@polymer/iron-a11y-keys-behavior/-/iron-a11y-keys-behavior-3.0.1.tgz",
      "integrity": "sha512-lnrjKq3ysbBPT/74l0Fj0U9H9C35Tpw2C/tpJ8a+5g8Y3YJs1WSZYnEl1yOkw6sEyaxOq/1DkzH0+60gGu5/PQ==",
      "requires": {
        "@polymer/polymer": "^3.0.0"
      }
    },
    "@polymer/iron-collapse": {
      "version": "3.0.1",
      "resolved": "https://registry.npmjs.org/@polymer/iron-collapse/-/iron-collapse-3.0.1.tgz",
      "integrity": "sha512-yg6q5ZyckQR9VL9VmLrSTkSFXWy9AcJC8KtnD5cg0EHRPbakE8I9S/gVAgeP4nMWV2a/BjLLC4IBygcCMDhAGw==",
      "requires": {
        "@polymer/iron-resizable-behavior": "^3.0.0-pre.26",
        "@polymer/polymer": "^3.0.0"
      }
    },
    "@polymer/iron-fit-behavior": {
      "version": "3.1.0",
      "resolved": "https://registry.npmjs.org/@polymer/iron-fit-behavior/-/iron-fit-behavior-3.1.0.tgz",
      "integrity": "sha512-ABcgIYqrjhmUT8tiuolqeGttF/8pd3sEymUDrO1vXbZu4FWIvoLNndrMDFvs++AGd12Mjf5pYy84NJc6dB8Vig==",
      "requires": {
        "@polymer/polymer": "^3.0.0"
      }
    },
    "@polymer/iron-list": {
      "version": "3.1.0",
      "resolved": "https://registry.npmjs.org/@polymer/iron-list/-/iron-list-3.1.0.tgz",
      "integrity": "sha512-Eiv6xd3h3oPmn8SXFntXVfC3ZnegH+KHAxiKLKcOASFSRY3mHnr2AdcnExUJ9ItoCMA5UzKaM/0U22eWzGERtA==",
      "requires": {
        "@polymer/iron-a11y-keys-behavior": "^3.0.0-pre.26",
        "@polymer/iron-resizable-behavior": "^3.0.0-pre.26",
        "@polymer/iron-scroll-target-behavior": "^3.0.0-pre.26",
        "@polymer/polymer": "^3.0.0"
      }
    },
    "@polymer/iron-media-query": {
      "version": "3.0.1",
      "resolved": "https://registry.npmjs.org/@polymer/iron-media-query/-/iron-media-query-3.0.1.tgz",
      "integrity": "sha512-czUX1pm1zfmfcZtq5J57XFkcobBv08Y50exp0/3v8Bos5VL/jv2tU0RwiTfDBxUMhjicGbgwEBFQPY2V5DMzyw==",
      "requires": {
        "@polymer/polymer": "^3.0.0"
      }
    },
    "@polymer/iron-overlay-behavior": {
      "version": "3.0.3",
      "resolved": "https://registry.npmjs.org/@polymer/iron-overlay-behavior/-/iron-overlay-behavior-3.0.3.tgz",
      "integrity": "sha512-Q/Fp0+uOQQ145ebZ7T8Cxl4m1tUKYjyymkjcL2rXUm+aDQGb1wA1M1LYxUF5YBqd+9lipE0PTIiYwA2ZL/sznA==",
      "requires": {
        "@polymer/iron-a11y-keys-behavior": "^3.0.0-pre.26",
        "@polymer/iron-fit-behavior": "^3.0.0-pre.26",
        "@polymer/iron-resizable-behavior": "^3.0.0-pre.26",
        "@polymer/polymer": "^3.0.0"
      }
    },
    "@polymer/iron-resizable-behavior": {
      "version": "3.0.1",
      "resolved": "https://registry.npmjs.org/@polymer/iron-resizable-behavior/-/iron-resizable-behavior-3.0.1.tgz",
      "integrity": "sha512-FyHxRxFspVoRaeZSWpT3y0C9awomb4tXXolIJcZ7RvXhMP632V5lez+ch5G5SwK0LpnAPkg35eB0LPMFv+YMMQ==",
      "requires": {
        "@polymer/polymer": "^3.0.0"
      }
    },
    "@polymer/iron-scroll-target-behavior": {
      "version": "3.0.1",
      "resolved": "https://registry.npmjs.org/@polymer/iron-scroll-target-behavior/-/iron-scroll-target-behavior-3.0.1.tgz",
      "integrity": "sha512-xg1WanG25BIkQE8rhuReqY9zx1K5M7F+YAIYpswEp5eyDIaZ1Y3vUmVeQ3KG+hiSugzI1M752azXN7kvyhOBcQ==",
      "requires": {
        "@polymer/polymer": "^3.0.0"
      }
    },
    "@polymer/marked-element": {
      "version": "3.0.1",
      "resolved": "https://registry.npmjs.org/@polymer/marked-element/-/marked-element-3.0.1.tgz",
      "integrity": "sha512-WJQzQetxdStVGQbyTBUBgd+hSI0Rl39uJg7b2zL3r6EfMnibzmA/YNT06M8jVZdxPF+B4SumrFWRtasVtGQRUQ==",
      "requires": {
        "@polymer/polymer": "^3.0.0",
        "marked": "~0.3.9"
      }
    },
    "@polymer/paper-ripple": {
      "version": "3.0.2",
      "resolved": "https://registry.npmjs.org/@polymer/paper-ripple/-/paper-ripple-3.0.2.tgz",
      "integrity": "sha512-DnLNvYIMsiayeICroYxx6Q6Hg1cUU8HN2sbutXazlemAlGqdq80qz3TIaVdbpbt/pvjcFGX2HtntMlPstCge8Q==",
      "requires": {
        "@polymer/iron-a11y-keys-behavior": "^3.0.0-pre.26",
        "@polymer/polymer": "^3.0.0"
      }
    },
    "@polymer/polymer": {
      "version": "3.4.1",
      "resolved": "https://registry.npmjs.org/@polymer/polymer/-/polymer-3.4.1.tgz",
      "integrity": "sha512-KPWnhDZibtqKrUz7enIPOiO4ZQoJNOuLwqrhV2MXzIt3VVnUVJVG5ORz4Z2sgO+UZ+/UZnPD0jqY+jmw/+a9mQ==",
      "requires": {
        "@webcomponents/shadycss": "^1.9.1"
      }
    },
    "@webcomponents/shadycss": {
      "version": "1.11.0",
      "resolved": "https://registry.npmjs.org/@webcomponents/shadycss/-/shadycss-1.11.0.tgz",
      "integrity": "sha512-L5O/+UPum8erOleNjKq6k58GVl3fNsEQdSOyh0EUhNmi7tHUyRuCJy1uqJiWydWcLARE5IPsMoPYMZmUGrz1JA=="
    },
    "bignumber.js": {
      "version": "9.0.1",
      "resolved": "https://registry.npmjs.org/bignumber.js/-/bignumber.js-9.0.1.tgz",
      "integrity": "sha512-IdZR9mh6ahOBv/hYGiXyVuyCetmGJhtYkqLBpTStdhEGjegpPlUawydyaF3pbIOFynJTpllEs+NP+CS9jKFLjA=="
    },
    "codemirror": {
      "version": "5.63.3",
      "resolved": "https://registry.npmjs.org/codemirror/-/codemirror-5.63.3.tgz",
      "integrity": "sha512-1C+LELr+5grgJYqwZKqxrcbPsHFHapVaVAloBsFBASbpLnQqLw1U8yXJ3gT5D+rhxIiSpo+kTqN+hQ+9ialIXw=="
    },
    "marked": {
      "version": "0.3.19",
      "resolved": "https://registry.npmjs.org/marked/-/marked-0.3.19.tgz",
      "integrity": "sha512-ea2eGWOqNxPcXv8dyERdSr/6FmzvWwzjMxpfGB/sbMccXoct+xY+YukPD+QTUZwyvK7BZwcr4m21WBOW41pAkg=="
    },
    "moment": {
      "version": "2.29.1",
      "resolved": "https://registry.npmjs.org/moment/-/moment-2.29.1.tgz",
      "integrity": "sha512-kHmoybcPV8Sqy59DwNDY3Jefr64lK/by/da0ViFcuA4DH0vQg5Q6Ze5VimxkfQNSC+Mls/Kx53s7TjP1RhFEDQ=="
    },
    "tslib": {
      "version": "2.3.1",
      "resolved": "https://registry.npmjs.org/tslib/-/tslib-2.3.1.tgz",
      "integrity": "sha512-77EbyPPpMz+FRFRuAFlWMtmgUWGe9UOG2Z25NqCwiIjRhOf5iKGuzSe5P2w1laq+FkRy4p+PCuVkJSGkzTEKVw=="
    }
  }
}
